
Microsoft Visual Studio Solution File, Format Version 12.00
# Visual Studio Version 17
VisualStudioVersion = 17.7.34221.43
MinimumVisualStudioVersion = 10.0.40219.1
Project("{FAE04EC0-301F-11D3-BF4B-00C04F79EFBC}") = "Biblioteca-10", "Biblioteca-10.csproj", "{0A97ADDF-EE19-4D66-BC09-3991445A1EED}"
EndProject
Global
	GlobalSection(SolutionConfigurationPlatforms) = preSolution
		Debug|Any CPU = Debug|Any CPU
		Release|Any CPU = Release|Any CPU
	EndGlobalSection
	GlobalSection(ProjectConfigurationPlatforms) = postSolution
		{0A97ADDF-EE19-4D66-BC09-3991445A1EED}.Debug|Any CPU.ActiveCfg = Debug|Any CPU
		{0A97ADDF-EE19-4D66-BC09-3991445A1EED}.Debug|Any CPU.Build.0 = Debug|Any CPU
		{0A97ADDF-EE19-4D66-BC09-3991445A1EED}.Release|Any CPU.ActiveCfg = Release|Any CPU
		{0A97ADDF-EE19-4D66-BC09-3991445A1EED}.Release|Any CPU.Build.0 = Release|Any CPU
	EndGlobalSection
	GlobalSection(SolutionProperties) = preSolution
		HideSolutionNode = FALSE
	EndGlobalSection
	GlobalSection(ExtensibilityGlobals) = postSolution
		SolutionGuid = {43764483-EF17-42A5-B80C-F4D95BEA04F2}
	EndGlobalSection
EndGlobal
